
Microsoft Visual Studio Solution File, Format Version 12.00
# Visual Studio Version 16
VisualStudioVersion = 16.0.31911.196
MinimumVisualStudioVersion = 10.0.40219.1
Project("{FAE04EC0-301F-11D3-BF4B-00C04F79EFBC}") = "ByteBank-Exceptions", "ByteBank-Exceptions\ByteBank-Exceptions.csproj", "{E7AA43C7-9B19-4922-9744-0FBF816A7454}"
EndProject
Global
	GlobalSection(SolutionConfigurationPlatforms) = preSolution
		Debug|Any CPU = Debug|Any CPU
		Release|Any CPU = Release|Any CPU
	EndGlobalSection
	GlobalSection(ProjectConfigurationPlatforms) = postSolution
		{E7AA43C7-9B19-4922-9744-0FBF816A7454}.Debug|Any CPU.ActiveCfg = Debug|Any CPU
		{E7AA43C7-9B19-4922-9744-0FBF816A7454}.Debug|Any CPU.Build.0 = Debug|Any CPU
		{E7AA43C7-9B19-4922-9744-0FBF816A7454}.Release|Any CPU.ActiveCfg = Release|Any CPU
		{E7AA43C7-9B19-4922-9744-0FBF816A7454}.Release|Any CPU.Build.0 = Release|Any CPU
	EndGlobalSection
	GlobalSection(SolutionProperties) = preSolution
		HideSolutionNode = FALSE
	EndGlobalSection
	GlobalSection(ExtensibilityGlobals) = postSolution
		SolutionGuid = {DE62E8CB-E1FB-4F21-9BA8-9E627D24BF55}
	EndGlobalSection
EndGlobal
